
Microsoft Visual Studio Solution File, Format Version 12.00
# Visual Studio Version 16
VisualStudioVersion = 16.0.31613.86
MinimumVisualStudioVersion = 10.0.40219.1
Project("{9A19103F-16F7-4668-BE54-9A1E7A4F7556}") = "DIO.Series", "..\CadastroDeSerie.net\DIO.Series.csproj", "{8D837C12-E435-4960-8B7B-06DCA66570A2}"
EndProject
Project("{FAE04EC0-301F-11D3-BF4B-00C04F79EFBC}") = "DIO.Series.Console", "DIO.Series.Console\DIO.Series.Console.csproj", "{9FA1CFA9-EBD3-4CFD-A4EC-D84A4646DB85}"
EndProject
Project("{FAE04EC0-301F-11D3-BF4B-00C04F79EFBC}") = "DIO.Series.Web", "DIO.Series.Web\DIO.Series.Web.csproj", "{1DCFE536-3D1A-4659-9795-C72E0E68112C}"
EndProject
Global
	GlobalSection(SolutionConfigurationPlatforms) = preSolution
		Debug|Any CPU = Debug|Any CPU
		Release|Any CPU = Release|Any CPU
	EndGlobalSection
	GlobalSection(ProjectConfigurationPlatforms) = postSolution
		{8D837C12-E435-4960-8B7B-06DCA66570A2}.Debug|Any CPU.ActiveCfg = Debug|Any CPU
		{8D837C12-E435-4960-8B7B-06DCA66570A2}.Debug|Any CPU.Build.0 = Debug|Any CPU
		{8D837C12-E435-4960-8B7B-06DCA66570A2}.Release|Any CPU.ActiveCfg = Release|Any CPU
		{8D837C12-E435-4960-8B7B-06DCA66570A2}.Release|Any CPU.Build.0 = Release|Any CPU
		{9FA1CFA9-EBD3-4CFD-A4EC-D84A4646DB85}.Debug|Any CPU.ActiveCfg = Debug|Any CPU
		{9FA1CFA9-EBD3-4CFD-A4EC-D84A4646DB85}.Debug|Any CPU.Build.0 = Debug|Any CPU
		{9FA1CFA9-EBD3-4CFD-A4EC-D84A4646DB85}.Release|Any CPU.ActiveCfg = Release|Any CPU
		{9FA1CFA9-EBD3-4CFD-A4EC-D84A4646DB85}.Release|Any CPU.Build.0 = Release|Any CPU
		{1DCFE536-3D1A-4659-9795-C72E0E68112C}.Debug|Any CPU.ActiveCfg = Debug|Any CPU
		{1DCFE536-3D1A-4659-9795-C72E0E68112C}.Debug|Any CPU.Build.0 = Debug|Any CPU
		{1DCFE536-3D1A-4659-9795-C72E0E68112C}.Release|Any CPU.ActiveCfg = Release|Any CPU
		{1DCFE536-3D1A-4659-9795-C72E0E68112C}.Release|Any CPU.Build.0 = Release|Any CPU
	EndGlobalSection
	GlobalSection(SolutionProperties) = preSolution
		HideSolutionNode = FALSE
	EndGlobalSection
	GlobalSection(ExtensibilityGlobals) = postSolution
		SolutionGuid = {70423A52-4429-4C17-B1D3-7CCDE604097C}
	EndGlobalSection
EndGlobal
